{
    "_readme": [
        "This file locks the dependencies of your project to a known state",
        "Read more about it at http://getcomposer.org/doc/01-basic-usage.md#composer-lock-the-lock-file"
    ],
    "hash": "6c64b8e0998e6b000326f9cda4e17987",
    "packages": [
        {
            "name": "corneltek/roller",
            "version": "1.9.x-dev",
            "source": {
                "type": "git",
                "url": "https://github.com/c9s/php-Roller.git",
                "reference": "b4fa30620fab9f2b1de7204442dddc4613837755"
            },
            "dist": {
                "type": "zip",
                "url": "https://api.github.com/repos/c9s/php-Roller/zipball/b4fa30620fab9f2b1de7204442dddc4613837755",
                "reference": "b4fa30620fab9f2b1de7204442dddc4613837755",
                "shasum": ""
            },
            "require": {
                "php": ">=5.3.0"
            },
            "type": "library",
            "autoload": {
                "psr-0": {
                    "Roller": "src"
                }
            },
            "notification-url": "https://packagist.org/downloads/",
            "license": [
                "BSD"
            ],
            "authors": [
                {
                    "name": "Yo-An Lin",
                    "email": "cornelius.howl@gmail.com",
                    "homepage": "http://c9s.me"
                }
            ],
            "description": "High performance PHP router",
            "homepage": "http://github.com/c9s/Roller",
            "time": "2012-08-16 10:23:48"
        },
        {
            "name": "twig/twig",
            "version": "v1.12.3",
            "source": {
                "type": "git",
                "url": "https://github.com/fabpot/Twig.git",
                "reference": "27f3428b08c7f656d6824359a9d9dee3f5fce31b"
            },
            "dist": {
                "type": "zip",
                "url": "https://api.github.com/repos/fabpot/Twig/zipball/27f3428b08c7f656d6824359a9d9dee3f5fce31b",
                "reference": "27f3428b08c7f656d6824359a9d9dee3f5fce31b",
                "shasum": ""
            },
            "require": {
                "php": ">=5.2.4"
            },
            "type": "library",
            "extra": {
                "branch-alias": {
                    "dev-master": "1.12-dev"
                }
            },
            "autoload": {
                "psr-0": {
                    "Twig_": "lib/"
                }
            },
            "notification-url": "https://packagist.org/downloads/",
            "license": [
                "BSD-3"
            ],
            "authors": [
                {
                    "name": "Fabien Potencier",
                    "email": "fabien@symfony.com"
                },
                {
                    "name": "Armin Ronacher",
                    "email": "armin.ronacher@active-4.com"
                }
            ],
            "description": "Twig, the flexible, fast, and secure template language for PHP",
            "homepage": "http://twig.sensiolabs.org",
            "keywords": [
                "templating"
            ],
            "time": "2013-04-08 12:40:11"
        }
    ],
    "packages-dev": [

    ],
    "aliases": [

    ],
    "minimum-stability": "dev",
    "stability-flags": [

    ],
    "platform": [

    ],
    "platform-dev": [

    ]
}
